{
    "_meta": {
        "hash": {
            "sha256": "e4336632e7aaa18ee6a37cf503724de252a3fcd38e681fb076868eda12e697f4"
        },
        "pipfile-spec": 6,
        "requires": {
            "python_version": "3.7"
        },
        "sources": [
            {
                "name": "pypi",
                "url": "https://pypi.org/simple",
                "verify_ssl": true
            }
        ]
    },
    "default": {
        "certifi": {
            "hashes": [
                "sha256:59b7658e26ca9c7339e00f8f4636cdfe59d34fa37b9b04f6f9e9926b3cece1a5",
                "sha256:b26104d6835d1f5e49452a26eb2ff87fe7090b89dfcaee5ea2212697e1e1d7ae"
            ],
            "version": "==2019.3.9"
        },
        "chardet": {
            "hashes": [
                "sha256:84ab92ed1c4d4f16916e05906b6b75a6c0fb5db821cc65e70cbd64a3e2a5eaae",
                "sha256:fc323ffcaeaed0e0a02bf4d117757b98aed530d9ed4531e3e15460124c106691"
            ],
            "version": "==3.0.4"
        },
        "click": {
            "hashes": [
                "sha256:2335065e6395b9e67ca716de5f7526736bfa6ceead690adf616d925bdc622b13",
                "sha256:5b94b49521f6456670fdb30cd82a4eca9412788a93fa6dd6df72c94d5a8ff2d7"
            ],
            "index": "pypi",
            "version": "==7.0"
        },
        "dateparser": {
            "hashes": [
                "sha256:42d51be54e74a8e80a4d76d1fa6e4edd997098fce24ad2d94a2eab5ef247193e",
                "sha256:78124c458c461ea7198faa3c038f6381f37588b84bb42740e91a4cbd260b1d09"
            ],
            "index": "pypi",
            "version": "==0.7.1"
        },
        "idna": {
            "hashes": [
                "sha256:c357b3f628cf53ae2c4c05627ecc484553142ca23264e593d327bcde5e9c3407",
                "sha256:ea8b7f6188e6fa117537c3df7da9fc686d485087abf6ac197f9c46432f7e4a3c"
            ],
            "version": "==2.8"
        },
        "python-dateutil": {
            "hashes": [
                "sha256:7e6584c74aeed623791615e26efd690f29817a27c73085b78e4bad02493df2fb",
                "sha256:c89805f6f4d64db21ed966fda138f8a5ed7a4fdbc1a8ee329ce1b74e3c74da9e"
            ],
            "version": "==2.8.0"
        },
        "pytz": {
            "hashes": [
                "sha256:303879e36b721603cc54604edcac9d20401bdbe31e1e4fdee5b9f98d5d31dfda",
                "sha256:d747dd3d23d77ef44c6a3526e274af6efeb0a6f1afd5a69ba4d5be4098c8e141"
            ],
            "version": "==2019.1"
        },
        "regex": {
            "hashes": [
                "sha256:0ac2ba14f1e069507eec395140c0701045340f386a7ee7adb95961b3a2d821ef",
                "sha256:3b90bfb577ba7ff2c25f74496096e8c2a92007b4c32108a7076d3b33a92ab357",
                "sha256:455f29e0ad4a8002aed6a6c00c8054441dde03e25b1d622568afddb251439f14",
                "sha256:6b957a06533fa7f070d339c1399fcc739d8b9b08f9d82c768e19bcf2b5cf5427",
                "sha256:6fe1dd1d522062912e18d08f1ddd508431fdad7af2ebd80e035d74a1953e9e6a",
                "sha256:7e3f1cbdd4d38dade6c880551fe7c2a2832635c743d9c8993785714615d7c08d",
                "sha256:81f13830915fb3fe88d49e896a99a25eeb62dc1f3808c77bf3588fe8cdfcadc5",
                "sha256:a5b17c52ce57657459162fb414f2ff8b85b7212921281ffe1ca63fb4105bee24",
                "sha256:cc4dcdb1ee6fcb7d6a0b6eff4d86cb203b5b082719c94c88b7d7175c13691f92"
            ],
            "version": "==2019.5.25"
        },
        "requests": {
            "hashes": [
                "sha256:11e007a8a2aa0323f5a921e9e6a2d7e4e67d9877e85773fba9ba6419025cbeb4",
                "sha256:9cf5292fcd0f598c671cfc1e0d7d1a7f13bb8085e9a590f48c010551dc6c4b31"
            ],
            "index": "pypi",
            "version": "==2.22.0"
        },
        "six": {
            "hashes": [
                "sha256:3350809f0555b11f552448330d0b52d5f24c91a322ea4a15ef22629740f3761c",
                "sha256:d16a0141ec1a18405cd4ce8b4613101da75da0e9a7aec5bdd4fa804d0e0eba73"
            ],
            "version": "==1.12.0"
        },
        "tzlocal": {
            "hashes": [
                "sha256:4ebeb848845ac898da6519b9b31879cf13b6626f7184c496037b818e238f2c4e"
            ],
            "version": "==1.5.1"
        },
        "urllib3": {
            "hashes": [
                "sha256:b246607a25ac80bedac05c6f282e3cdaf3afb65420fd024ac94435cabe6e18d1",
                "sha256:dbe59173209418ae49d485b87d1681aefa36252ee85884c31346debd19463232"
            ],
            "version": "==1.25.3"
        }
    },
    "develop": {}
}
